
Microsoft Visual Studio Solution File, Format Version 12.00
# Visual Studio 15
VisualStudioVersion = 15.0.28307.421
MinimumVisualStudioVersion = 10.0.40219.1
Project("{159641D6-6404-4A2A-AE62-294DE0FE8301}") = "BancoAurora", "BancoAurora\BancoAurora.dtproj", "{D0B5839E-B852-4944-B768-58F57678F987}"
EndProject
Global
	GlobalSection(SolutionConfigurationPlatforms) = preSolution
		Development|Default = Development|Default
	EndGlobalSection
	GlobalSection(ProjectConfigurationPlatforms) = postSolution
		{D0B5839E-B852-4944-B768-58F57678F987}.Development|Default.ActiveCfg = Development
		{D0B5839E-B852-4944-B768-58F57678F987}.Development|Default.Build.0 = Development
	EndGlobalSection
	GlobalSection(SolutionProperties) = preSolution
		HideSolutionNode = FALSE
	EndGlobalSection
	GlobalSection(ExtensibilityGlobals) = postSolution
		SolutionGuid = {314B618C-513A-4365-9C93-B4D7197FA5B0}
	EndGlobalSection
EndGlobal
